# .agentloop/agentloop.lock — machine-written by `agentloop init|sync|install|uninstall|upgrade`.
# Records the document format, the tool version/source, and a hash per installed file so
# upgrades never overwrite local edits. Do not edit by hand.
format: agentloop-grounded-v1
tool_version: 0.9.0
source: git+https://github.com/komoroko/AgentLoopTemplate.git
prompts:
  version: 0.9.0
  files:
    AGENTS.agentloop.md: sha256:213e41c9c365bdd8b62e3e62279a1387fc4649f7c6acede76b36244a610f7f15
    oci/implementer/Containerfile: sha256:10ddf0545c42327d68801b6947a16cbac0521175e35b090a1319e83584a35621
    oci/python/Containerfile: sha256:97ea3721301bce19adba3b7cd02326075df41eb547f93d3322efbd6dfc522536
    oci/reviewer/Containerfile: sha256:e145b813ac76308ea1b2b6e61540812ae627e68d507c64d98bf1ad1b17162c32
    prompts/agents/adversarial-reviewer.md: sha256:e0e96a55d788281228b1aa6eddb1ca9f3097706dcc8582d7107474ef104354b6
    prompts/agents/architect.md: sha256:d36360652d81f2dcfae8861557cd49a679f2f29241551b13e4aa5364ffbf6479
    prompts/agents/implementer.md: sha256:99f58fc07f0ccf54fbedde9128b140a0d2ffe9b960eaf1c7a159ee572f39bce6
    prompts/agents/requirements-analyst.md: sha256:f856541626e80f3439a3681c70a9ab09f557b0e3dc5c4ddd229f214b5f8efab3
    prompts/commands/build.md: sha256:f0286a7edd930214f0abd59ab5e385ee21425cf92883bdfe4134cbdc49dc1c2b
    prompts/commands/design.md: sha256:b2c156c13845ec99da566708b52915dadc0ccb9fc1ae27d00c22b957d34c2228
    prompts/commands/onboard.md: sha256:f9eec4a85eed5b91d5d889f71c1665f869c63a2c79c127f04f403b3bfd72c479
    prompts/commands/req.md: sha256:6f392b76a50c6a7fa107a94cffb0d6b13bb8ae55b676f97b11b42f02bd122e54
    prompts/commands/revise.md: sha256:f2077506ba7c5d4ddbe3c896935aae485ea50e6898b6a3dc85a871a968a54053
    prompts/commands/status.md: sha256:09db7b505fac505050b0502e53d7665c24989051c84919149547321f62021013
    prompts/commands/tasks.md: sha256:19d88aee70d1b0fa82ed34e317254361c1e2e10bcfdbbb1bfd171740d3f71b0f
    prompts/commands/verify.md: sha256:e7365de82d813f61fb8b1c577ec590145d919f56544f3d3a63b2368fdd04a6b6
    prompts/rules/gate-workflow.md: sha256:79b7fb2704560d19a079d2700b7223e1d1fb7e6290d1accc79a7b49f8028976d
    schema/attestation.schema.json: sha256:56519f55246cca0e9005a6587ddcd94a739dc636fc224546464b6e92c0d0a5eb
    schema/config.schema.json: sha256:073a8b8c90e7763719554fbe3074cb70b0219d174db777584cf5f4394ca0735d
    schema/event.schema.json: sha256:6ed7be9d0192050e3d2f80027568fef099d1f76e34ce93b99abf8783cb4027c7
    schema/plan.schema.json: sha256:72e492c45cee45b3390c25f2ee2684fafa013051e33d1f148610cdd7efb171b0
    schema/review.schema.json: sha256:2b8518b9c8b59a1482783dc8dd06fc3cc9b5389d1b5d9370a4e37a2a2477dda8
    schema/state.schema.json: sha256:43492e4ec9000cb331f3e2eca55062ebd8a9e4ef255947ef6d51964bda9b6050
integrations: {}
seeded: {}
created_at: '2026-07-24'
updated_at: '2026-07-24'
